
Microsoft Visual Studio Solution File, Format Version 12.00
# Visual Studio Version 17
VisualStudioVersion = 17.14.36705.20 d17.14
MinimumVisualStudioVersion = 10.0.40219.1
Project("{FAE04EC0-301F-11D3-BF4B-00C04F79EFBC}") = "SistemaBiblioteca", "SistemaBiblioteca\SistemaBiblioteca.csproj", "{48633FBE-AAFB-4A44-B536-30147C62192D}"
EndProject
Global
	GlobalSection(SolutionConfigurationPlatforms) = preSolution
		Debug|Any CPU = Debug|Any CPU
		Release|Any CPU = Release|Any CPU
	EndGlobalSection
	GlobalSection(ProjectConfigurationPlatforms) = postSolution
		{48633FBE-AAFB-4A44-B536-30147C62192D}.Debug|Any CPU.ActiveCfg = Debug|Any CPU
		{48633FBE-AAFB-4A44-B536-30147C62192D}.Debug|Any CPU.Build.0 = Debug|Any CPU
		{48633FBE-AAFB-4A44-B536-30147C62192D}.Release|Any CPU.ActiveCfg = Release|Any CPU
		{48633FBE-AAFB-4A44-B536-30147C62192D}.Release|Any CPU.Build.0 = Release|Any CPU
	EndGlobalSection
	GlobalSection(SolutionProperties) = preSolution
		HideSolutionNode = FALSE
	EndGlobalSection
	GlobalSection(ExtensibilityGlobals) = postSolution
		SolutionGuid = {CC857871-D20A-4D24-B741-E81FBA19099A}
	EndGlobalSection
EndGlobal
